// !$*UTF8*$!
{
	archiveVersion = 1;
	classes = {
	};
	objectVersion = 56;
	objects = {

/* Begin PBXBuildFile section */
		A10000000000000000000001 /* AppDelegate.swift in Sources */ = {isa = PBXBuildFile; fileRef = A20000000000000000000001 /* AppDelegate.swift */; };
		A10000000000000000000002 /* StatusBarController.swift in Sources */ = {isa = PBXBuildFile; fileRef = A20000000000000000000002 /* StatusBarController.swift */; };
		A10000000000000000000003 /* ApplicationState.swift in Sources */ = {isa = PBXBuildFile; fileRef = A20000000000000000000003 /* ApplicationState.swift */; };
		A10000000000000000000004 /* AccessibilityPermissionManager.swift in Sources */ = {isa = PBXBuildFile; fileRef = A20000000000000000000006 /* AccessibilityPermissionManager.swift */; };
		A10000000000000000000005 /* AXElementExtensions.swift in Sources */ = {isa = PBXBuildFile; fileRef = A20000000000000000000007 /* AXElementExtensions.swift */; };
		A10000000000000000000006 /* AccessibilityWindowManager.swift in Sources */ = {isa = PBXBuildFile; fileRef = A20000000000000000000008 /* AccessibilityWindowManager.swift */; };
		A10000000000000000000007 /* TargetWindow.swift in Sources */ = {isa = PBXBuildFile; fileRef = A20000000000000000000009 /* TargetWindow.swift */; };
		A10000000000000000000008 /* ScreenCoordinateConverter.swift in Sources */ = {isa = PBXBuildFile; fileRef = A20000000000000000000010 /* ScreenCoordinateConverter.swift */; };
		A10000000000000000000009 /* WindowStateStore.swift in Sources */ = {isa = PBXBuildFile; fileRef = A20000000000000000000011 /* WindowStateStore.swift */; };
		A10000000000000000000010 /* WindowActionService.swift in Sources */ = {isa = PBXBuildFile; fileRef = A20000000000000000000012 /* WindowActionService.swift */; };
		A10000000000000000000011 /* WindowControlButton.swift in Sources */ = {isa = PBXBuildFile; fileRef = A20000000000000000000013 /* WindowControlButton.swift */; };
		A10000000000000000000012 /* WindowButtonsView.swift in Sources */ = {isa = PBXBuildFile; fileRef = A20000000000000000000014 /* WindowButtonsView.swift */; };
		A10000000000000000000013 /* OverlayPanelController.swift in Sources */ = {isa = PBXBuildFile; fileRef = A20000000000000000000015 /* OverlayPanelController.swift */; };
		A10000000000000000000014 /* AppSettings.swift in Sources */ = {isa = PBXBuildFile; fileRef = A20000000000000000000016 /* AppSettings.swift */; };
		A10000000000000000000015 /* ControlCenterViewController.swift in Sources */ = {isa = PBXBuildFile; fileRef = A20000000000000000000017 /* ControlCenterViewController.swift */; };
		A10000000000000000000016 /* Assets.xcassets in Resources */ = {isa = PBXBuildFile; fileRef = A20000000000000000000018 /* Assets.xcassets */; };
		A10000000000000000000017 /* LaunchAtLoginController.swift in Sources */ = {isa = PBXBuildFile; fileRef = A20000000000000000000020 /* LaunchAtLoginController.swift */; };
		A10000000000000000000018 /* UpdateManager.swift in Sources */ = {isa = PBXBuildFile; fileRef = A20000000000000000000021 /* UpdateManager.swift */; };
		A10000000000000000000019 /* DeleteToTrashShortcutController.swift in Sources */ = {isa = PBXBuildFile; fileRef = A20000000000000000000022 /* DeleteToTrashShortcutController.swift */; };
/* End PBXBuildFile section */

/* Begin PBXFileReference section */
		A20000000000000000000001 /* AppDelegate.swift */ = {isa = PBXFileReference; lastKnownFileType = sourcecode.swift; path = AppDelegate.swift; sourceTree = "<group>"; };
		A20000000000000000000002 /* StatusBarController.swift */ = {isa = PBXFileReference; lastKnownFileType = sourcecode.swift; path = StatusBarController.swift; sourceTree = "<group>"; };
		A20000000000000000000003 /* ApplicationState.swift */ = {isa = PBXFileReference; lastKnownFileType = sourcecode.swift; path = ApplicationState.swift; sourceTree = "<group>"; };
		A20000000000000000000004 /* Info.plist */ = {isa = PBXFileReference; lastKnownFileType = text.plist.xml; path = Info.plist; sourceTree = "<group>"; };
		A20000000000000000000005 /* MacWindowButtons.app */ = {isa = PBXFileReference; explicitFileType = wrapper.application; includeInIndex = 0; path = MacWindowButtons.app; sourceTree = BUILT_PRODUCTS_DIR; };
		A20000000000000000000006 /* AccessibilityPermissionManager.swift */ = {isa = PBXFileReference; lastKnownFileType = sourcecode.swift; path = AccessibilityPermissionManager.swift; sourceTree = "<group>"; };
		A20000000000000000000007 /* AXElementExtensions.swift */ = {isa = PBXFileReference; lastKnownFileType = sourcecode.swift; path = AXElementExtensions.swift; sourceTree = "<group>"; };
		A20000000000000000000008 /* AccessibilityWindowManager.swift */ = {isa = PBXFileReference; lastKnownFileType = sourcecode.swift; path = AccessibilityWindowManager.swift; sourceTree = "<group>"; };
		A20000000000000000000009 /* TargetWindow.swift */ = {isa = PBXFileReference; lastKnownFileType = sourcecode.swift; path = TargetWindow.swift; sourceTree = "<group>"; };
		A20000000000000000000010 /* ScreenCoordinateConverter.swift */ = {isa = PBXFileReference; lastKnownFileType = sourcecode.swift; path = ScreenCoordinateConverter.swift; sourceTree = "<group>"; };
		A20000000000000000000011 /* WindowStateStore.swift */ = {isa = PBXFileReference; lastKnownFileType = sourcecode.swift; path = WindowStateStore.swift; sourceTree = "<group>"; };
		A20000000000000000000012 /* WindowActionService.swift */ = {isa = PBXFileReference; lastKnownFileType = sourcecode.swift; path = WindowActionService.swift; sourceTree = "<group>"; };
		A20000000000000000000013 /* WindowControlButton.swift */ = {isa = PBXFileReference; lastKnownFileType = sourcecode.swift; path = WindowControlButton.swift; sourceTree = "<group>"; };
		A20000000000000000000014 /* WindowButtonsView.swift */ = {isa = PBXFileReference; lastKnownFileType = sourcecode.swift; path = WindowButtonsView.swift; sourceTree = "<group>"; };
		A20000000000000000000015 /* OverlayPanelController.swift */ = {isa = PBXFileReference; lastKnownFileType = sourcecode.swift; path = OverlayPanelController.swift; sourceTree = "<group>"; };
		A20000000000000000000016 /* AppSettings.swift */ = {isa = PBXFileReference; lastKnownFileType = sourcecode.swift; path = AppSettings.swift; sourceTree = "<group>"; };
		A20000000000000000000017 /* ControlCenterViewController.swift */ = {isa = PBXFileReference; lastKnownFileType = sourcecode.swift; path = ControlCenterViewController.swift; sourceTree = "<group>"; };
		A20000000000000000000018 /* Assets.xcassets */ = {isa = PBXFileReference; lastKnownFileType = folder.assetcatalog; path = Assets.xcassets; sourceTree = "<group>"; };
		A20000000000000000000019 /* AppIcon-master.png */ = {isa = PBXFileReference; lastKnownFileType = image.png; path = "AppIcon-master.png"; sourceTree = "<group>"; };
		A20000000000000000000020 /* LaunchAtLoginController.swift */ = {isa = PBXFileReference; lastKnownFileType = sourcecode.swift; path = LaunchAtLoginController.swift; sourceTree = "<group>"; };
		A20000000000000000000021 /* UpdateManager.swift */ = {isa = PBXFileReference; lastKnownFileType = sourcecode.swift; path = UpdateManager.swift; sourceTree = "<group>"; };
		A20000000000000000000022 /* DeleteToTrashShortcutController.swift */ = {isa = PBXFileReference; lastKnownFileType = sourcecode.swift; path = DeleteToTrashShortcutController.swift; sourceTree = "<group>"; };
/* End PBXFileReference section */

/* Begin PBXFrameworksBuildPhase section */
		A30000000000000000000001 /* Frameworks */ = {
			isa = PBXFrameworksBuildPhase;
			buildActionMask = 2147483647;
			files = (
			);
			runOnlyForDeploymentPostprocessing = 0;
		};
/* End PBXFrameworksBuildPhase section */

/* Begin PBXGroup section */
		A40000000000000000000001 = {
			isa = PBXGroup;
			children = (
				A40000000000000000000002 /* MacWindowButtons */,
				A40000000000000000000004 /* Config */,
				A40000000000000000000003 /* Products */,
			);
			sourceTree = "<group>";
		};
		A40000000000000000000002 /* MacWindowButtons */ = {
			isa = PBXGroup;
			children = (
				A40000000000000000000005 /* App */,
				A40000000000000000000006 /* Accessibility */,
				A40000000000000000000007 /* WindowControl */,
				A40000000000000000000008 /* Overlay */,
				A40000000000000000000009 /* Settings */,
				A40000000000000000000010 /* Resources */,
				A40000000000000000000011 /* Design */,
			);
			path = MacWindowButtons;
			sourceTree = "<group>";
		};
		A40000000000000000000003 /* Products */ = {
			isa = PBXGroup;
			children = (
				A20000000000000000000005 /* MacWindowButtons.app */,
			);
			name = Products;
			sourceTree = "<group>";
		};
		A40000000000000000000004 /* Config */ = {
			isa = PBXGroup;
			children = (
				A20000000000000000000004 /* Info.plist */,
			);
			path = Config;
			sourceTree = "<group>";
		};
		A40000000000000000000005 /* App */ = {
			isa = PBXGroup;
			children = (
				A20000000000000000000001 /* AppDelegate.swift */,
				A20000000000000000000002 /* StatusBarController.swift */,
				A20000000000000000000003 /* ApplicationState.swift */,
				A20000000000000000000022 /* DeleteToTrashShortcutController.swift */,
			);
			path = App;
			sourceTree = "<group>";
		};
		A40000000000000000000006 /* Accessibility */ = {
			isa = PBXGroup;
			children = (
				A20000000000000000000006 /* AccessibilityPermissionManager.swift */,
				A20000000000000000000007 /* AXElementExtensions.swift */,
				A20000000000000000000008 /* AccessibilityWindowManager.swift */,
			);
			path = Accessibility;
			sourceTree = "<group>";
		};
		A40000000000000000000007 /* WindowControl */ = {
			isa = PBXGroup;
			children = (
				A20000000000000000000009 /* TargetWindow.swift */,
				A20000000000000000000010 /* ScreenCoordinateConverter.swift */,
				A20000000000000000000011 /* WindowStateStore.swift */,
				A20000000000000000000012 /* WindowActionService.swift */,
			);
			path = WindowControl;
			sourceTree = "<group>";
		};
		A40000000000000000000008 /* Overlay */ = {
			isa = PBXGroup;
			children = (
				A20000000000000000000013 /* WindowControlButton.swift */,
				A20000000000000000000014 /* WindowButtonsView.swift */,
				A20000000000000000000015 /* OverlayPanelController.swift */,
			);
			path = Overlay;
			sourceTree = "<group>";
		};
		A40000000000000000000009 /* Settings */ = {
			isa = PBXGroup;
			children = (
				A20000000000000000000016 /* AppSettings.swift */,
				A20000000000000000000017 /* ControlCenterViewController.swift */,
				A20000000000000000000020 /* LaunchAtLoginController.swift */,
				A20000000000000000000021 /* UpdateManager.swift */,
			);
			path = Settings;
			sourceTree = "<group>";
		};
		A40000000000000000000010 /* Resources */ = {
			isa = PBXGroup;
			children = (
				A20000000000000000000018 /* Assets.xcassets */,
			);
			path = Resources;
			sourceTree = "<group>";
		};
		A40000000000000000000011 /* Design */ = {
			isa = PBXGroup;
			children = (
				A20000000000000000000019 /* AppIcon-master.png */,
			);
			path = Design;
			sourceTree = "<group>";
		};
/* End PBXGroup section */

/* Begin PBXNativeTarget section */
		A50000000000000000000001 /* MacWindowButtons */ = {
			isa = PBXNativeTarget;
			buildConfigurationList = A90000000000000000000002 /* Build configuration list for PBXNativeTarget "MacWindowButtons" */;
			buildPhases = (
				A70000000000000000000001 /* Sources */,
				A30000000000000000000001 /* Frameworks */,
				A80000000000000000000001 /* Resources */,
			);
			buildRules = (
			);
			dependencies = (
			);
			name = MacWindowButtons;
			productName = MacWindowButtons;
			productReference = A20000000000000000000005 /* MacWindowButtons.app */;
			productType = "com.apple.product-type.application";
		};
/* End PBXNativeTarget section */

/* Begin PBXProject section */
		A60000000000000000000001 /* Project object */ = {
			isa = PBXProject;
			attributes = {
				BuildIndependentTargetsInParallel = 1;
				LastSwiftUpdateCheck = 1600;
				LastUpgradeCheck = 1600;
				TargetAttributes = {
					A50000000000000000000001 = {
						CreatedOnToolsVersion = 16.0;
					};
				};
			};
			buildConfigurationList = A90000000000000000000001 /* Build configuration list for PBXProject "MacWindowButtons" */;
			compatibilityVersion = "Xcode 14.0";
			developmentRegion = zh-Hans;
			hasScannedForEncodings = 0;
			knownRegions = (
				en,
				Base,
				"zh-Hans",
			);
			mainGroup = A40000000000000000000001;
			productRefGroup = A40000000000000000000003 /* Products */;
			projectDirPath = "";
			projectRoot = "";
			targets = (
				A50000000000000000000001 /* MacWindowButtons */,
			);
		};
/* End PBXProject section */

/* Begin PBXResourcesBuildPhase section */
		A80000000000000000000001 /* Resources */ = {
			isa = PBXResourcesBuildPhase;
			buildActionMask = 2147483647;
			files = (
				A10000000000000000000016 /* Assets.xcassets in Resources */,
			);
			runOnlyForDeploymentPostprocessing = 0;
		};
/* End PBXResourcesBuildPhase section */

/* Begin PBXSourcesBuildPhase section */
		A70000000000000000000001 /* Sources */ = {
			isa = PBXSourcesBuildPhase;
			buildActionMask = 2147483647;
			files = (
				A10000000000000000000001 /* AppDelegate.swift in Sources */,
				A10000000000000000000002 /* StatusBarController.swift in Sources */,
				A10000000000000000000003 /* ApplicationState.swift in Sources */,
				A10000000000000000000004 /* AccessibilityPermissionManager.swift in Sources */,
				A10000000000000000000005 /* AXElementExtensions.swift in Sources */,
				A10000000000000000000006 /* AccessibilityWindowManager.swift in Sources */,
				A10000000000000000000007 /* TargetWindow.swift in Sources */,
				A10000000000000000000008 /* ScreenCoordinateConverter.swift in Sources */,
				A10000000000000000000009 /* WindowStateStore.swift in Sources */,
				A10000000000000000000010 /* WindowActionService.swift in Sources */,
				A10000000000000000000011 /* WindowControlButton.swift in Sources */,
				A10000000000000000000012 /* WindowButtonsView.swift in Sources */,
				A10000000000000000000013 /* OverlayPanelController.swift in Sources */,
				A10000000000000000000014 /* AppSettings.swift in Sources */,
				A10000000000000000000015 /* ControlCenterViewController.swift in Sources */,
				A10000000000000000000017 /* LaunchAtLoginController.swift in Sources */,
				A10000000000000000000018 /* UpdateManager.swift in Sources */,
				A10000000000000000000019 /* DeleteToTrashShortcutController.swift in Sources */,
			);
			runOnlyForDeploymentPostprocessing = 0;
		};
/* End PBXSourcesBuildPhase section */

/* Begin XCBuildConfiguration section */
		B10000000000000000000001 /* Debug */ = {
			isa = XCBuildConfiguration;
			buildSettings = {
				ASSETCATALOG_COMPILER_APPICON_NAME = AppIcon;
				ALWAYS_SEARCH_USER_PATHS = NO;
				CLANG_ENABLE_MODULES = YES;
				CLANG_ENABLE_OBJC_ARC = YES;
				COPY_PHASE_STRIP = NO;
				DEBUG_INFORMATION_FORMAT = dwarf;
				ENABLE_TESTABILITY = YES;
				GCC_C_LANGUAGE_STANDARD = gnu17;
				GCC_OPTIMIZATION_LEVEL = 0;
				ONLY_ACTIVE_ARCH = YES;
				SDKROOT = macosx;
				SWIFT_ACTIVE_COMPILATION_CONDITIONS = DEBUG;
				SWIFT_OPTIMIZATION_LEVEL = "-Onone";
			};
			name = Debug;
		};
		B10000000000000000000002 /* Release */ = {
			isa = XCBuildConfiguration;
			buildSettings = {
				ASSETCATALOG_COMPILER_APPICON_NAME = AppIcon;
				ALWAYS_SEARCH_USER_PATHS = NO;
				CLANG_ENABLE_MODULES = YES;
				CLANG_ENABLE_OBJC_ARC = YES;
				COPY_PHASE_STRIP = YES;
				DEBUG_INFORMATION_FORMAT = "dwarf-with-dsym";
				GCC_C_LANGUAGE_STANDARD = gnu17;
				SDKROOT = macosx;
				SWIFT_COMPILATION_MODE = wholemodule;
				SWIFT_OPTIMIZATION_LEVEL = "-O";
			};
			name = Release;
		};
		B10000000000000000000003 /* Debug */ = {
			isa = XCBuildConfiguration;
			buildSettings = {
				CODE_SIGN_STYLE = Automatic;
				COMBINE_HIDPI_IMAGES = YES;
				CURRENT_PROJECT_VERSION = 17;
				DEVELOPMENT_TEAM = "";
				GENERATE_INFOPLIST_FILE = NO;
				INFOPLIST_FILE = Config/Info.plist;
				LD_RUNPATH_SEARCH_PATHS = "$(inherited) @executable_path/../Frameworks";
				MACOSX_DEPLOYMENT_TARGET = 13.0;
				MARKETING_VERSION = 1.4.3;
				PRODUCT_BUNDLE_IDENTIFIER = com.lwb.MacWindowButtons;
				PRODUCT_NAME = "$(TARGET_NAME)";
				SWIFT_EMIT_LOC_STRINGS = YES;
				SWIFT_VERSION = 5.0;
			};
			name = Debug;
		};
		B10000000000000000000004 /* Release */ = {
			isa = XCBuildConfiguration;
			buildSettings = {
				CODE_SIGN_STYLE = Automatic;
				COMBINE_HIDPI_IMAGES = YES;
				CURRENT_PROJECT_VERSION = 17;
				DEVELOPMENT_TEAM = "";
				GENERATE_INFOPLIST_FILE = NO;
				INFOPLIST_FILE = Config/Info.plist;
				LD_RUNPATH_SEARCH_PATHS = "$(inherited) @executable_path/../Frameworks";
				MACOSX_DEPLOYMENT_TARGET = 13.0;
				MARKETING_VERSION = 1.4.3;
				PRODUCT_BUNDLE_IDENTIFIER = com.lwb.MacWindowButtons;
				PRODUCT_NAME = "$(TARGET_NAME)";
				SWIFT_EMIT_LOC_STRINGS = YES;
				SWIFT_VERSION = 5.0;
			};
			name = Release;
		};
/* End XCBuildConfiguration section */

/* Begin XCConfigurationList section */
		A90000000000000000000001 /* Build configuration list for PBXProject "MacWindowButtons" */ = {
			isa = XCConfigurationList;
			buildConfigurations = (
				B10000000000000000000001 /* Debug */,
				B10000000000000000000002 /* Release */,
			);
			defaultConfigurationIsVisible = 0;
			defaultConfigurationName = Release;
		};
		A90000000000000000000002 /* Build configuration list for PBXNativeTarget "MacWindowButtons" */ = {
			isa = XCConfigurationList;
			buildConfigurations = (
				B10000000000000000000003 /* Debug */,
				B10000000000000000000004 /* Release */,
			);
			defaultConfigurationIsVisible = 0;
			defaultConfigurationName = Release;
		};
/* End XCConfigurationList section */
	};
	rootObject = A60000000000000000000001 /* Project object */;
}
